// !$*UTF8*$!
{
	archiveVersion = 1;
	classes = {
	};
	objectVersion = 51;
	objects = {

/* Begin PBXBuildFile section */
		6B5AC9D626A7D3B800AC5691 /* SwiftUI_Chat_ProjectApp.swift in Sources */ = {isa = PBXBuildFile; fileRef = 6B5AC9D526A7D3B800AC5691 /* SwiftUI_Chat_ProjectApp.swift */; };
		6B5AC9D826A7D3B800AC5691 /* ContentView.swift in Sources */ = {isa = PBXBuildFile; fileRef = 6B5AC9D726A7D3B800AC5691 /* ContentView.swift */; };
		6B5AC9DA26A7D3B900AC5691 /* Assets.xcassets in Resources */ = {isa = PBXBuildFile; fileRef = 6B5AC9D926A7D3B900AC5691 /* Assets.xcassets */; };
		6B5AC9DD26A7D3B900AC5691 /* Preview Assets.xcassets in Resources */ = {isa = PBXBuildFile; fileRef = 6B5AC9DC26A7D3B900AC5691 /* Preview Assets.xcassets */; };
		6B5AC9E726A7D7C200AC5691 /* GoogleService-Info.plist in Resources */ = {isa = PBXBuildFile; fileRef = 6B5AC9E626A7D7C200AC5691 /* GoogleService-Info.plist */; };
		6B70942526A9044300DA76A8 /* Login.swift in Sources */ = {isa = PBXBuildFile; fileRef = 6B70942426A9044300DA76A8 /* Login.swift */; };
		8688C187759AF4EE8EF20F16 /* Pods_SwiftUI_Chat_Project.framework in Frameworks */ = {isa = PBXBuildFile; fileRef = AB7E0EA78D69F3E3166F1019 /* Pods_SwiftUI_Chat_Project.framework */; };
/* End PBXBuildFile section */

/* Begin PBXFileReference section */
		6B5AC9D226A7D3B800AC5691 /* SwiftUI_Chat_Project.app */ = {isa = PBXFileReference; explicitFileType = wrapper.application; includeInIndex = 0; path = SwiftUI_Chat_Project.app; sourceTree = BUILT_PRODUCTS_DIR; };
		6B5AC9D526A7D3B800AC5691 /* SwiftUI_Chat_ProjectApp.swift */ = {isa = PBXFileReference; lastKnownFileType = sourcecode.swift; path = SwiftUI_Chat_ProjectApp.swift; sourceTree = "<group>"; };
		6B5AC9D726A7D3B800AC5691 /* ContentView.swift */ = {isa = PBXFileReference; lastKnownFileType = sourcecode.swift; path = ContentView.swift; sourceTree = "<group>"; };
		6B5AC9D926A7D3B900AC5691 /* Assets.xcassets */ = {isa = PBXFileReference; lastKnownFileType = folder.assetcatalog; path = Assets.xcassets; sourceTree = "<group>"; };
		6B5AC9DC26A7D3B900AC5691 /* Preview Assets.xcassets */ = {isa = PBXFileReference; lastKnownFileType = folder.assetcatalog; path = "Preview Assets.xcassets"; sourceTree = "<group>"; };
		6B5AC9DE26A7D3B900AC5691 /* Info.plist */ = {isa = PBXFileReference; lastKnownFileType = text.plist.xml; path = Info.plist; sourceTree = "<group>"; };
		6B5AC9E626A7D7C200AC5691 /* GoogleService-Info.plist */ = {isa = PBXFileReference; fileEncoding = 4; lastKnownFileType = text.plist.xml; path = "GoogleService-Info.plist"; sourceTree = "<group>"; };
		6B70942426A9044300DA76A8 /* Login.swift */ = {isa = PBXFileReference; lastKnownFileType = sourcecode.swift; path = Login.swift; sourceTree = "<group>"; };
		AB7E0EA78D69F3E3166F1019 /* Pods_SwiftUI_Chat_Project.framework */ = {isa = PBXFileReference; explicitFileType = wrapper.framework; includeInIndex = 0; path = Pods_SwiftUI_Chat_Project.framework; sourceTree = BUILT_PRODUCTS_DIR; };
		AFC268BFCF691668F415E46D /* Pods-SwiftUI_Chat_Project.debug.xcconfig */ = {isa = PBXFileReference; includeInIndex = 1; lastKnownFileType = text.xcconfig; name = "Pods-SwiftUI_Chat_Project.debug.xcconfig"; path = "Target Support Files/Pods-SwiftUI_Chat_Project/Pods-SwiftUI_Chat_Project.debug.xcconfig"; sourceTree = "<group>"; };
		C51799D855B86C596B0F0CD3 /* Pods-SwiftUI_Chat_Project.release.xcconfig */ = {isa = PBXFileReference; includeInIndex = 1; lastKnownFileType = text.xcconfig; name = "Pods-SwiftUI_Chat_Project.release.xcconfig"; path = "Target Support Files/Pods-SwiftUI_Chat_Project/Pods-SwiftUI_Chat_Project.release.xcconfig"; sourceTree = "<group>"; };
/* End PBXFileReference section */

/* Begin PBXFrameworksBuildPhase section */
		6B5AC9CF26A7D3B800AC5691 /* Frameworks */ = {
			isa = PBXFrameworksBuildPhase;
			buildActionMask = 2147483647;
			files = (
				8688C187759AF4EE8EF20F16 /* Pods_SwiftUI_Chat_Project.framework in Frameworks */,
			);
			runOnlyForDeploymentPostprocessing = 0;
		};
/* End PBXFrameworksBuildPhase section */

/* Begin PBXGroup section */
		4EE27FB8183BBDA007053C65 /* Frameworks */ = {
			isa = PBXGroup;
			children = (
				AB7E0EA78D69F3E3166F1019 /* Pods_SwiftUI_Chat_Project.framework */,
			);
			name = Frameworks;
			sourceTree = "<group>";
		};
		6B5AC9C926A7D3B800AC5691 = {
			isa = PBXGroup;
			children = (
				6B5AC9D426A7D3B800AC5691 /* SwiftUI_Chat_Project */,
				6B5AC9D326A7D3B800AC5691 /* Products */,
				FF804235CB16661079C8840D /* Pods */,
				4EE27FB8183BBDA007053C65 /* Frameworks */,
			);
			sourceTree = "<group>";
		};
		6B5AC9D326A7D3B800AC5691 /* Products */ = {
			isa = PBXGroup;
			children = (
				6B5AC9D226A7D3B800AC5691 /* SwiftUI_Chat_Project.app */,
			);
			name = Products;
			sourceTree = "<group>";
		};
		6B5AC9D426A7D3B800AC5691 /* SwiftUI_Chat_Project */ = {
			isa = PBXGroup;
			children = (
				6B5AC9E626A7D7C200AC5691 /* GoogleService-Info.plist */,
				6B5AC9D526A7D3B800AC5691 /* SwiftUI_Chat_ProjectApp.swift */,
				6B5AC9D726A7D3B800AC5691 /* ContentView.swift */,
				6B5AC9D926A7D3B900AC5691 /* Assets.xcassets */,
				6B5AC9DE26A7D3B900AC5691 /* Info.plist */,
				6B5AC9DB26A7D3B900AC5691 /* Preview Content */,
				6B70942426A9044300DA76A8 /* Login.swift */,
			);
			path = SwiftUI_Chat_Project;
			sourceTree = "<group>";
		};
		6B5AC9DB26A7D3B900AC5691 /* Preview Content */ = {
			isa = PBXGroup;
			children = (
				6B5AC9DC26A7D3B900AC5691 /* Preview Assets.xcassets */,
			);
			path = "Preview Content";
			sourceTree = "<group>";
		};
		FF804235CB16661079C8840D /* Pods */ = {
			isa = PBXGroup;
			children = (
				AFC268BFCF691668F415E46D /* Pods-SwiftUI_Chat_Project.debug.xcconfig */,
				C51799D855B86C596B0F0CD3 /* Pods-SwiftUI_Chat_Project.release.xcconfig */,
			);
			path = Pods;
			sourceTree = "<group>";
		};
/* End PBXGroup section */

/* Begin PBXNativeTarget section */
		6B5AC9D126A7D3B800AC5691 /* SwiftUI_Chat_Project */ = {
			isa = PBXNativeTarget;
			buildConfigurationList = 6B5AC9E126A7D3B900AC5691 /* Build configuration list for PBXNativeTarget "SwiftUI_Chat_Project" */;
			buildPhases = (
				A29780476EA1C8668BB637CB /* [CP] Check Pods Manifest.lock */,
				6B5AC9CE26A7D3B800AC5691 /* Sources */,
				6B5AC9CF26A7D3B800AC5691 /* Frameworks */,
				6B5AC9D026A7D3B800AC5691 /* Resources */,
				25BA9504B5FD330B794E03F6 /* [CP] Embed Pods Frameworks */,
			);
			buildRules = (
			);
			dependencies = (
			);
			name = SwiftUI_Chat_Project;
			productName = SwiftUI_Chat_Project;
			productReference = 6B5AC9D226A7D3B800AC5691 /* SwiftUI_Chat_Project.app */;
			productType = "com.apple.product-type.application";
		};
/* End PBXNativeTarget section */

/* Begin PBXProject section */
		6B5AC9CA26A7D3B800AC5691 /* Project object */ = {
			isa = PBXProject;
			attributes = {
				LastSwiftUpdateCheck = 1250;
				LastUpgradeCheck = 1250;
				TargetAttributes = {
					6B5AC9D126A7D3B800AC5691 = {
						CreatedOnToolsVersion = 12.5.1;
					};
				};
			};
			buildConfigurationList = 6B5AC9CD26A7D3B800AC5691 /* Build configuration list for PBXProject "SwiftUI_Chat_Project" */;
			compatibilityVersion = "Xcode 9.3";
			developmentRegion = en;
			hasScannedForEncodings = 0;
			knownRegions = (
				en,
				Base,
			);
			mainGroup = 6B5AC9C926A7D3B800AC5691;
			productRefGroup = 6B5AC9D326A7D3B800AC5691 /* Products */;
			projectDirPath = "";
			projectRoot = "";
			targets = (
				6B5AC9D126A7D3B800AC5691 /* SwiftUI_Chat_Project */,
			);
		};
/* End PBXProject section */

/* Begin PBXResourcesBuildPhase section */
		6B5AC9D026A7D3B800AC5691 /* Resources */ = {
			isa = PBXResourcesBuildPhase;
			buildActionMask = 2147483647;
			files = (
				6B5AC9DD26A7D3B900AC5691 /* Preview Assets.xcassets in Resources */,
				6B5AC9DA26A7D3B900AC5691 /* Assets.xcassets in Resources */,
				6B5AC9E726A7D7C200AC5691 /* GoogleService-Info.plist in Resources */,
			);
			runOnlyForDeploymentPostprocessing = 0;
		};
/* End PBXResourcesBuildPhase section */

/* Begin PBXShellScriptBuildPhase section */
		25BA9504B5FD330B794E03F6 /* [CP] Embed Pods Frameworks */ = {
			isa = PBXShellScriptBuildPhase;
			buildActionMask = 2147483647;
			files = (
			);
			inputFileListPaths = (
				"${PODS_ROOT}/Target Support Files/Pods-SwiftUI_Chat_Project/Pods-SwiftUI_Chat_Project-frameworks-${CONFIGURATION}-input-files.xcfilelist",
			);
			name = "[CP] Embed Pods Frameworks";
			outputFileListPaths = (
				"${PODS_ROOT}/Target Support Files/Pods-SwiftUI_Chat_Project/Pods-SwiftUI_Chat_Project-frameworks-${CONFIGURATION}-output-files.xcfilelist",
			);
			runOnlyForDeploymentPostprocessing = 0;
			shellPath = /bin/sh;
			shellScript = "\"${PODS_ROOT}/Target Support Files/Pods-SwiftUI_Chat_Project/Pods-SwiftUI_Chat_Project-frameworks.sh\"\n";
			showEnvVarsInLog = 0;
		};
		A29780476EA1C8668BB637CB /* [CP] Check Pods Manifest.lock */ = {
			isa = PBXShellScriptBuildPhase;
			buildActionMask = 2147483647;
			files = (
			);
			inputFileListPaths = (
			);
			inputPaths = (
				"${PODS_PODFILE_DIR_PATH}/Podfile.lock",
				"${PODS_ROOT}/Manifest.lock",
			);
			name = "[CP] Check Pods Manifest.lock";
			outputFileListPaths = (
			);
			outputPaths = (
				"$(DERIVED_FILE_DIR)/Pods-SwiftUI_Chat_Project-checkManifestLockResult.txt",
			);
			runOnlyForDeploymentPostprocessing = 0;
			shellPath = /bin/sh;
			shellScript = "diff \"${PODS_PODFILE_DIR_PATH}/Podfile.lock\" \"${PODS_ROOT}/Manifest.lock\" > /dev/null\nif [ $? != 0 ] ; then\n    # print error to STDERR\n    echo \"error: The sandbox is not in sync with the Podfile.lock. Run 'pod install' or update your CocoaPods installation.\" >&2\n    exit 1\nfi\n# This output is used by Xcode 'outputs' to avoid re-running this script phase.\necho \"SUCCESS\" > \"${SCRIPT_OUTPUT_FILE_0}\"\n";
			showEnvVarsInLog = 0;
		};
/* End PBXShellScriptBuildPhase section */

/* Begin PBXSourcesBuildPhase section */
		6B5AC9CE26A7D3B800AC5691 /* Sources */ = {
			isa = PBXSourcesBuildPhase;
			buildActionMask = 2147483647;
			files = (
				6B70942526A9044300DA76A8 /* Login.swift in Sources */,
				6B5AC9D826A7D3B800AC5691 /* ContentView.swift in Sources */,
				6B5AC9D626A7D3B800AC5691 /* SwiftUI_Chat_ProjectApp.swift in Sources */,
			);
			runOnlyForDeploymentPostprocessing = 0;
		};
/* End PBXSourcesBuildPhase section */

/* Begin XCBuildConfiguration section */
		6B5AC9DF26A7D3B900AC5691 /* Debug */ = {
			isa = XCBuildConfiguration;
			buildSettings = {
				ALWAYS_SEARCH_USER_PATHS = NO;
				CLANG_ANALYZER_NONNULL = YES;
				CLANG_ANALYZER_NUMBER_OBJECT_CONVERSION = YES_AGGRESSIVE;
				CLANG_CXX_LANGUAGE_STANDARD = "gnu++14";
				CLANG_CXX_LIBRARY = "libc++";
				CLANG_ENABLE_MODULES = YES;
				CLANG_ENABLE_OBJC_ARC = YES;
				CLANG_ENABLE_OBJC_WEAK = YES;
				CLANG_WARN_BLOCK_CAPTURE_AUTORELEASING = YES;
				CLANG_WARN_BOOL_CONVERSION = YES;
				CLANG_WARN_COMMA = YES;
				CLANG_WARN_CONSTANT_CONVERSION = YES;
				CLANG_WARN_DEPRECATED_OBJC_IMPLEMENTATIONS = YES;
				CLANG_WARN_DIRECT_OBJC_ISA_USAGE = YES_ERROR;
				CLANG_WARN_DOCUMENTATION_COMMENTS = YES;
				CLANG_WARN_EMPTY_BODY = YES;
				CLANG_WARN_ENUM_CONVERSION = YES;
				CLANG_WARN_INFINITE_RECURSION = YES;
				CLANG_WARN_INT_CONVERSION = YES;
				CLANG_WARN_NON_LITERAL_NULL_CONVERSION = YES;
				CLANG_WARN_OBJC_IMPLICIT_RETAIN_SELF = YES;
				CLANG_WARN_OBJC_LITERAL_CONVERSION = YES;
				CLANG_WARN_OBJC_ROOT_CLASS = YES_ERROR;
				CLANG_WARN_QUOTED_INCLUDE_IN_FRAMEWORK_HEADER = YES;
				CLANG_WARN_RANGE_LOOP_ANALYSIS = YES;
				CLANG_WARN_STRICT_PROTOTYPES = YES;
				CLANG_WARN_SUSPICIOUS_MOVE = YES;
				CLANG_WARN_UNGUARDED_AVAILABILITY = YES_AGGRESSIVE;
				CLANG_WARN_UNREACHABLE_CODE = YES;
				CLANG_WARN__DUPLICATE_METHOD_MATCH = YES;
				COPY_PHASE_STRIP = NO;
				DEBUG_INFORMATION_FORMAT = dwarf;
				ENABLE_STRICT_OBJC_MSGSEND = YES;
				ENABLE_TESTABILITY = YES;
				GCC_C_LANGUAGE_STANDARD = gnu11;
				GCC_DYNAMIC_NO_PIC = NO;
				GCC_NO_COMMON_BLOCKS = YES;
				GCC_OPTIMIZATION_LEVEL = 0;
				GCC_PREPROCESSOR_DEFINITIONS = (
					"DEBUG=1",
					"$(inherited)",
				);
				GCC_WARN_64_TO_32_BIT_CONVERSION = YES;
				GCC_WARN_ABOUT_RETURN_TYPE = YES_ERROR;
				GCC_WARN_UNDECLARED_SELECTOR = YES;
				GCC_WARN_UNINITIALIZED_AUTOS = YES_AGGRESSIVE;
				GCC_WARN_UNUSED_FUNCTION = YES;
				GCC_WARN_UNUSED_VARIABLE = YES;
				IPHONEOS_DEPLOYMENT_TARGET = 14.5;
				MTL_ENABLE_DEBUG_INFO = INCLUDE_SOURCE;
				MTL_FAST_MATH = YES;
				ONLY_ACTIVE_ARCH = YES;
				SDKROOT = iphoneos;
				SWIFT_ACTIVE_COMPILATION_CONDITIONS = DEBUG;
				SWIFT_OPTIMIZATION_LEVEL = "-Onone";
			};
			name = Debug;
		};
		6B5AC9E026A7D3B900AC5691 /* Release */ = {
			isa = XCBuildConfiguration;
			buildSettings = {
				ALWAYS_SEARCH_USER_PATHS = NO;
				CLANG_ANALYZER_NONNULL = YES;
				CLANG_ANALYZER_NUMBER_OBJECT_CONVERSION = YES_AGGRESSIVE;
				CLANG_CXX_LANGUAGE_STANDARD = "gnu++14";
				CLANG_CXX_LIBRARY = "libc++";
				CLANG_ENABLE_MODULES = YES;
				CLANG_ENABLE_OBJC_ARC = YES;
				CLANG_ENABLE_OBJC_WEAK = YES;
				CLANG_WARN_BLOCK_CAPTURE_AUTORELEASING = YES;
				CLANG_WARN_BOOL_CONVERSION = YES;
				CLANG_WARN_COMMA = YES;
				CLANG_WARN_CONSTANT_CONVERSION = YES;
				CLANG_WARN_DEPRECATED_OBJC_IMPLEMENTATIONS = YES;
				CLANG_WARN_DIRECT_OBJC_ISA_USAGE = YES_ERROR;
				CLANG_WARN_DOCUMENTATION_COMMENTS = YES;
				CLANG_WARN_EMPTY_BODY = YES;
				CLANG_WARN_ENUM_CONVERSION = YES;
				CLANG_WARN_INFINITE_RECURSION = YES;
				CLANG_WARN_INT_CONVERSION = YES;
				CLANG_WARN_NON_LITERAL_NULL_CONVERSION = YES;
				CLANG_WARN_OBJC_IMPLICIT_RETAIN_SELF = YES;
				CLANG_WARN_OBJC_LITERAL_CONVERSION = YES;
				CLANG_WARN_OBJC_ROOT_CLASS = YES_ERROR;
				CLANG_WARN_QUOTED_INCLUDE_IN_FRAMEWORK_HEADER = YES;
				CLANG_WARN_RANGE_LOOP_ANALYSIS = YES;
				CLANG_WARN_STRICT_PROTOTYPES = YES;
				CLANG_WARN_SUSPICIOUS_MOVE = YES;
				CLANG_WARN_UNGUARDED_AVAILABILITY = YES_AGGRESSIVE;
				CLANG_WARN_UNREACHABLE_CODE = YES;
				CLANG_WARN__DUPLICATE_METHOD_MATCH = YES;
				COPY_PHASE_STRIP = NO;
				DEBUG_INFORMATION_FORMAT = "dwarf-with-dsym";
				ENABLE_NS_ASSERTIONS = NO;
				ENABLE_STRICT_OBJC_MSGSEND = YES;
				GCC_C_LANGUAGE_STANDARD = gnu11;
				GCC_NO_COMMON_BLOCKS = YES;
				GCC_WARN_64_TO_32_BIT_CONVERSION = YES;
				GCC_WARN_ABOUT_RETURN_TYPE = YES_ERROR;
				GCC_WARN_UNDECLARED_SELECTOR = YES;
				GCC_WARN_UNINITIALIZED_AUTOS = YES_AGGRESSIVE;
				GCC_WARN_UNUSED_FUNCTION = YES;
				GCC_WARN_UNUSED_VARIABLE = YES;
				IPHONEOS_DEPLOYMENT_TARGET = 14.5;
				MTL_ENABLE_DEBUG_INFO = NO;
				MTL_FAST_MATH = YES;
				SDKROOT = iphoneos;
				SWIFT_COMPILATION_MODE = wholemodule;
				SWIFT_OPTIMIZATION_LEVEL = "-O";
				VALIDATE_PRODUCT = YES;
			};
			name = Release;
		};
		6B5AC9E226A7D3B900AC5691 /* Debug */ = {
			isa = XCBuildConfiguration;
			baseConfigurationReference = AFC268BFCF691668F415E46D /* Pods-SwiftUI_Chat_Project.debug.xcconfig */;
			buildSettings = {
				ASSETCATALOG_COMPILER_APPICON_NAME = AppIcon;
				ASSETCATALOG_COMPILER_GLOBAL_ACCENT_COLOR_NAME = AccentColor;
				CODE_SIGN_STYLE = Automatic;
				DEVELOPMENT_ASSET_PATHS = "\"SwiftUI_Chat_Project/Preview Content\"";
				DEVELOPMENT_TEAM = 5T7Z9C78A9;
				ENABLE_PREVIEWS = YES;
				INFOPLIST_FILE = SwiftUI_Chat_Project/Info.plist;
				IPHONEOS_DEPLOYMENT_TARGET = 14.0;
				LD_RUNPATH_SEARCH_PATHS = (
					"$(inherited)",
					"@executable_path/Frameworks",
				);
				PRODUCT_BUNDLE_IDENTIFIER = "parkjonghun.SwiftUI-Chat-Project";
				PRODUCT_NAME = "$(TARGET_NAME)";
				SWIFT_VERSION = 5.0;
				TARGETED_DEVICE_FAMILY = "1,2";
			};
			name = Debug;
		};
		6B5AC9E326A7D3B900AC5691 /* Release */ = {
			isa = XCBuildConfiguration;
			baseConfigurationReference = C51799D855B86C596B0F0CD3 /* Pods-SwiftUI_Chat_Project.release.xcconfig */;
			buildSettings = {
				ASSETCATALOG_COMPILER_APPICON_NAME = AppIcon;
				ASSETCATALOG_COMPILER_GLOBAL_ACCENT_COLOR_NAME = AccentColor;
				CODE_SIGN_STYLE = Automatic;
				DEVELOPMENT_ASSET_PATHS = "\"SwiftUI_Chat_Project/Preview Content\"";
				DEVELOPMENT_TEAM = 5T7Z9C78A9;
				ENABLE_PREVIEWS = YES;
				INFOPLIST_FILE = SwiftUI_Chat_Project/Info.plist;
				IPHONEOS_DEPLOYMENT_TARGET = 14.0;
				LD_RUNPATH_SEARCH_PATHS = (
					"$(inherited)",
					"@executable_path/Frameworks",
				);
				PRODUCT_BUNDLE_IDENTIFIER = "parkjonghun.SwiftUI-Chat-Project";
				PRODUCT_NAME = "$(TARGET_NAME)";
				SWIFT_VERSION = 5.0;
				TARGETED_DEVICE_FAMILY = "1,2";
			};
			name = Release;
		};
/* End XCBuildConfiguration section */

/* Begin XCConfigurationList section */
		6B5AC9CD26A7D3B800AC5691 /* Build configuration list for PBXProject "SwiftUI_Chat_Project" */ = {
			isa = XCConfigurationList;
			buildConfigurations = (
				6B5AC9DF26A7D3B900AC5691 /* Debug */,
				6B5AC9E026A7D3B900AC5691 /* Release */,
			);
			defaultConfigurationIsVisible = 0;
			defaultConfigurationName = Release;
		};
		6B5AC9E126A7D3B900AC5691 /* Build configuration list for PBXNativeTarget "SwiftUI_Chat_Project" */ = {
			isa = XCConfigurationList;
			buildConfigurations = (
				6B5AC9E226A7D3B900AC5691 /* Debug */,
				6B5AC9E326A7D3B900AC5691 /* Release */,
			);
			defaultConfigurationIsVisible = 0;
			defaultConfigurationName = Release;
		};
/* End XCConfigurationList section */
	};
	rootObject = 6B5AC9CA26A7D3B800AC5691 /* Project object */;
}
